
Microsoft Visual Studio Solution File, Format Version 12.00
# Visual Studio Version 17
VisualStudioVersion = 17.14.36310.24
MinimumVisualStudioVersion = 10.0.40219.1
Project("{2150E333-8FDC-42A3-9474-1A3956D46DE8}") = "src", "src", "{02EA681E-C7D8-13C7-8484-4AC65E1B71E8}"
EndProject
Project("{2150E333-8FDC-42A3-9474-1A3956D46DE8}") = "Services", "Services", "{03C94F0A-5EDA-44BB-ABE1-E32A54D9A6F9}"
EndProject
Project("{2150E333-8FDC-42A3-9474-1A3956D46DE8}") = "IAMService", "IAMService", "{824E3D2B-3F4B-4A06-89AD-66B770276594}"
EndProject
Project("{FAE04EC0-301F-11D3-BF4B-00C04F79EFBC}") = "IAMService.Application", "src\Services\IAMService\src\IAMService.Application\IAMService.Application.csproj", "{80ECF83B-4071-8C21-8BCF-A0C947526E4E}"
EndProject
Project("{FAE04EC0-301F-11D3-BF4B-00C04F79EFBC}") = "IAMService.Domain", "src\Services\IAMService\src\IAMService.Domain\IAMService.Domain.csproj", "{CFF6A2D8-D454-7285-EA9E-DF6838C55C42}"
EndProject
Project("{FAE04EC0-301F-11D3-BF4B-00C04F79EFBC}") = "IAMService.Infrastructure", "src\Services\IAMService\src\IAMService.Infrastructure\IAMService.Infrastructure.csproj", "{459486A5-DB65-56CE-8994-B347C6EA82B2}"
EndProject
Project("{FAE04EC0-301F-11D3-BF4B-00C04F79EFBC}") = "IAMService.Presentation", "src\Services\IAMService\src\IAMService.Presentation\IAMService.Presentation.csproj", "{73FDBDCE-6AC5-E107-2C0D-F0BCC37111C0}"
EndProject
Project("{2150E333-8FDC-42A3-9474-1A3956D46DE8}") = "PatientService", "PatientService", "{D1562901-1EE0-422F-89B9-E2297CDA6894}"
EndProject
Project("{FAE04EC0-301F-11D3-BF4B-00C04F79EFBC}") = "PatientService.Application", "src\Services\PatientService\src\PatientService.Application\PatientService.Application.csproj", "{72C0476D-DFC9-645F-F666-DA3301B90E48}"
EndProject
Project("{FAE04EC0-301F-11D3-BF4B-00C04F79EFBC}") = "PatientService.Domain", "src\Services\PatientService\src\PatientService.Domain\PatientService.Domain.csproj", "{506129C8-CAA7-DB10-89A9-02C5E6CE3D42}"
EndProject
Project("{FAE04EC0-301F-11D3-BF4B-00C04F79EFBC}") = "PatientService.Infrastructure", "src\Services\PatientService\src\PatientService.Infrastructure\PatientService.Infrastructure.csproj", "{F81DF163-17C9-EEA3-CFB4-FD5A74ED6DEC}"
EndProject
Project("{FAE04EC0-301F-11D3-BF4B-00C04F79EFBC}") = "PatientService.Presentation", "src\Services\PatientService\src\PatientService.Presentation\PatientService.Presentation.csproj", "{34C3D618-4FFB-B6AB-19BA-DC6519C73D45}"
EndProject
Project("{2150E333-8FDC-42A3-9474-1A3956D46DE8}") = "Gateway", "Gateway", "{3A5A4A22-8407-4ED8-9384-E472F0AECE7D}"
EndProject
Project("{2150E333-8FDC-42A3-9474-1A3956D46DE8}") = "ApiGateway", "ApiGateway", "{091152E7-252B-4F55-B1B3-1440472E318E}"
EndProject
Project("{FAE04EC0-301F-11D3-BF4B-00C04F79EFBC}") = "ApiGateway", "src\Gateway\ApiGateway\ApiGateway.csproj", "{8518E414-104C-EAEF-A141-98DB483A0C12}"
EndProject
Project("{FAE04EC0-301F-11D3-BF4B-00C04F79EFBC}") = "TestProject", "TestProject\TestProject.csproj", "{A2EB8332-7194-4995-8EC1-AA665FE136B0}"
EndProject
Project("{FAE04EC0-301F-11D3-BF4B-00C04F79EFBC}") = "Shared.Security", "src\Shared.Security\Shared.Security.csproj", "{6F429A18-E007-4643-8DFC-EB70CBFFA073}"
EndProject
Project("{FAE04EC0-301F-11D3-BF4B-00C04F79EFBC}") = "Shared.GrpcContracts", "Shared.GrpcContracts\Shared.GrpcContracts.csproj", "{9924B5C9-C876-44F8-89A9-24F381F2EC9A}"
EndProject
Global
	GlobalSection(SolutionConfigurationPlatforms) = preSolution
		Debug|Any CPU = Debug|Any CPU
		Release|Any CPU = Release|Any CPU
	EndGlobalSection
	GlobalSection(ProjectConfigurationPlatforms) = postSolution
		{80ECF83B-4071-8C21-8BCF-A0C947526E4E}.Debug|Any CPU.ActiveCfg = Debug|Any CPU
		{80ECF83B-4071-8C21-8BCF-A0C947526E4E}.Debug|Any CPU.Build.0 = Debug|Any CPU
		{80ECF83B-4071-8C21-8BCF-A0C947526E4E}.Release|Any CPU.ActiveCfg = Release|Any CPU
		{80ECF83B-4071-8C21-8BCF-A0C947526E4E}.Release|Any CPU.Build.0 = Release|Any CPU
		{CFF6A2D8-D454-7285-EA9E-DF6838C55C42}.Debug|Any CPU.ActiveCfg = Debug|Any CPU
		{CFF6A2D8-D454-7285-EA9E-DF6838C55C42}.Debug|Any CPU.Build.0 = Debug|Any CPU
		{CFF6A2D8-D454-7285-EA9E-DF6838C55C42}.Release|Any CPU.ActiveCfg = Release|Any CPU
		{CFF6A2D8-D454-7285-EA9E-DF6838C55C42}.Release|Any CPU.Build.0 = Release|Any CPU
		{459486A5-DB65-56CE-8994-B347C6EA82B2}.Debug|Any CPU.ActiveCfg = Debug|Any CPU
		{459486A5-DB65-56CE-8994-B347C6EA82B2}.Debug|Any CPU.Build.0 = Debug|Any CPU
		{459486A5-DB65-56CE-8994-B347C6EA82B2}.Release|Any CPU.ActiveCfg = Release|Any CPU
		{459486A5-DB65-56CE-8994-B347C6EA82B2}.Release|Any CPU.Build.0 = Release|Any CPU
		{73FDBDCE-6AC5-E107-2C0D-F0BCC37111C0}.Debug|Any CPU.ActiveCfg = Debug|Any CPU
		{73FDBDCE-6AC5-E107-2C0D-F0BCC37111C0}.Debug|Any CPU.Build.0 = Debug|Any CPU
		{73FDBDCE-6AC5-E107-2C0D-F0BCC37111C0}.Release|Any CPU.ActiveCfg = Release|Any CPU
		{73FDBDCE-6AC5-E107-2C0D-F0BCC37111C0}.Release|Any CPU.Build.0 = Release|Any CPU
		{72C0476D-DFC9-645F-F666-DA3301B90E48}.Debug|Any CPU.ActiveCfg = Debug|Any CPU
		{72C0476D-DFC9-645F-F666-DA3301B90E48}.Debug|Any CPU.Build.0 = Debug|Any CPU
		{72C0476D-DFC9-645F-F666-DA3301B90E48}.Release|Any CPU.ActiveCfg = Release|Any CPU
		{72C0476D-DFC9-645F-F666-DA3301B90E48}.Release|Any CPU.Build.0 = Release|Any CPU
		{506129C8-CAA7-DB10-89A9-02C5E6CE3D42}.Debug|Any CPU.ActiveCfg = Debug|Any CPU
		{506129C8-CAA7-DB10-89A9-02C5E6CE3D42}.Debug|Any CPU.Build.0 = Debug|Any CPU
		{506129C8-CAA7-DB10-89A9-02C5E6CE3D42}.Release|Any CPU.ActiveCfg = Release|Any CPU
		{506129C8-CAA7-DB10-89A9-02C5E6CE3D42}.Release|Any CPU.Build.0 = Release|Any CPU
		{F81DF163-17C9-EEA3-CFB4-FD5A74ED6DEC}.Debug|Any CPU.ActiveCfg = Debug|Any CPU
		{F81DF163-17C9-EEA3-CFB4-FD5A74ED6DEC}.Debug|Any CPU.Build.0 = Debug|Any CPU
		{F81DF163-17C9-EEA3-CFB4-FD5A74ED6DEC}.Release|Any CPU.ActiveCfg = Release|Any CPU
		{F81DF163-17C9-EEA3-CFB4-FD5A74ED6DEC}.Release|Any CPU.Build.0 = Release|Any CPU
		{34C3D618-4FFB-B6AB-19BA-DC6519C73D45}.Debug|Any CPU.ActiveCfg = Debug|Any CPU
		{34C3D618-4FFB-B6AB-19BA-DC6519C73D45}.Debug|Any CPU.Build.0 = Debug|Any CPU
		{34C3D618-4FFB-B6AB-19BA-DC6519C73D45}.Release|Any CPU.ActiveCfg = Release|Any CPU
		{34C3D618-4FFB-B6AB-19BA-DC6519C73D45}.Release|Any CPU.Build.0 = Release|Any CPU
		{8518E414-104C-EAEF-A141-98DB483A0C12}.Debug|Any CPU.ActiveCfg = Debug|Any CPU
		{8518E414-104C-EAEF-A141-98DB483A0C12}.Debug|Any CPU.Build.0 = Debug|Any CPU
		{8518E414-104C-EAEF-A141-98DB483A0C12}.Release|Any CPU.ActiveCfg = Release|Any CPU
		{8518E414-104C-EAEF-A141-98DB483A0C12}.Release|Any CPU.Build.0 = Release|Any CPU
		{A2EB8332-7194-4995-8EC1-AA665FE136B0}.Debug|Any CPU.ActiveCfg = Debug|Any CPU
		{A2EB8332-7194-4995-8EC1-AA665FE136B0}.Debug|Any CPU.Build.0 = Debug|Any CPU
		{A2EB8332-7194-4995-8EC1-AA665FE136B0}.Release|Any CPU.ActiveCfg = Release|Any CPU
		{A2EB8332-7194-4995-8EC1-AA665FE136B0}.Release|Any CPU.Build.0 = Release|Any CPU
		{6F429A18-E007-4643-8DFC-EB70CBFFA073}.Debug|Any CPU.ActiveCfg = Debug|Any CPU
		{6F429A18-E007-4643-8DFC-EB70CBFFA073}.Debug|Any CPU.Build.0 = Debug|Any CPU
		{6F429A18-E007-4643-8DFC-EB70CBFFA073}.Release|Any CPU.ActiveCfg = Release|Any CPU
		{6F429A18-E007-4643-8DFC-EB70CBFFA073}.Release|Any CPU.Build.0 = Release|Any CPU
		{9924B5C9-C876-44F8-89A9-24F381F2EC9A}.Debug|Any CPU.ActiveCfg = Debug|Any CPU
		{9924B5C9-C876-44F8-89A9-24F381F2EC9A}.Debug|Any CPU.Build.0 = Debug|Any CPU
		{9924B5C9-C876-44F8-89A9-24F381F2EC9A}.Release|Any CPU.ActiveCfg = Release|Any CPU
		{9924B5C9-C876-44F8-89A9-24F381F2EC9A}.Release|Any CPU.Build.0 = Release|Any CPU
	EndGlobalSection
	GlobalSection(SolutionProperties) = preSolution
		HideSolutionNode = FALSE
	EndGlobalSection
	GlobalSection(NestedProjects) = preSolution
		{03C94F0A-5EDA-44BB-ABE1-E32A54D9A6F9} = {02EA681E-C7D8-13C7-8484-4AC65E1B71E8}
		{824E3D2B-3F4B-4A06-89AD-66B770276594} = {03C94F0A-5EDA-44BB-ABE1-E32A54D9A6F9}
		{80ECF83B-4071-8C21-8BCF-A0C947526E4E} = {824E3D2B-3F4B-4A06-89AD-66B770276594}
		{CFF6A2D8-D454-7285-EA9E-DF6838C55C42} = {824E3D2B-3F4B-4A06-89AD-66B770276594}
		{459486A5-DB65-56CE-8994-B347C6EA82B2} = {824E3D2B-3F4B-4A06-89AD-66B770276594}
		{73FDBDCE-6AC5-E107-2C0D-F0BCC37111C0} = {824E3D2B-3F4B-4A06-89AD-66B770276594}
		{D1562901-1EE0-422F-89B9-E2297CDA6894} = {03C94F0A-5EDA-44BB-ABE1-E32A54D9A6F9}
		{72C0476D-DFC9-645F-F666-DA3301B90E48} = {D1562901-1EE0-422F-89B9-E2297CDA6894}
		{506129C8-CAA7-DB10-89A9-02C5E6CE3D42} = {D1562901-1EE0-422F-89B9-E2297CDA6894}
		{F81DF163-17C9-EEA3-CFB4-FD5A74ED6DEC} = {D1562901-1EE0-422F-89B9-E2297CDA6894}
		{34C3D618-4FFB-B6AB-19BA-DC6519C73D45} = {D1562901-1EE0-422F-89B9-E2297CDA6894}
		{3A5A4A22-8407-4ED8-9384-E472F0AECE7D} = {02EA681E-C7D8-13C7-8484-4AC65E1B71E8}
		{091152E7-252B-4F55-B1B3-1440472E318E} = {3A5A4A22-8407-4ED8-9384-E472F0AECE7D}
		{8518E414-104C-EAEF-A141-98DB483A0C12} = {091152E7-252B-4F55-B1B3-1440472E318E}
		{A2EB8332-7194-4995-8EC1-AA665FE136B0} = {824E3D2B-3F4B-4A06-89AD-66B770276594}
	EndGlobalSection
	GlobalSection(ExtensibilityGlobals) = postSolution
		SolutionGuid = {7E982059-92A3-4E6D-BDAA-EEE532C3C4F7}
	EndGlobalSection
EndGlobal
